
Microsoft Visual Studio Solution File, Format Version 12.00
# Visual Studio Version 17
VisualStudioVersion = 17.11.35219.272
MinimumVisualStudioVersion = 10.0.40219.1
Project("{FAE04EC0-301F-11D3-BF4B-00C04F79EFBC}") = "Actividad Integradora 1.2", "Actividad Integradora 1.2.csproj", "{F2690DEB-9894-4B43-B828-063E78927F1C}"
EndProject
Global
	GlobalSection(SolutionConfigurationPlatforms) = preSolution
		Debug|Any CPU = Debug|Any CPU
		Release|Any CPU = Release|Any CPU
	EndGlobalSection
	GlobalSection(ProjectConfigurationPlatforms) = postSolution
		{F2690DEB-9894-4B43-B828-063E78927F1C}.Debug|Any CPU.ActiveCfg = Debug|Any CPU
		{F2690DEB-9894-4B43-B828-063E78927F1C}.Debug|Any CPU.Build.0 = Debug|Any CPU
		{F2690DEB-9894-4B43-B828-063E78927F1C}.Release|Any CPU.ActiveCfg = Release|Any CPU
		{F2690DEB-9894-4B43-B828-063E78927F1C}.Release|Any CPU.Build.0 = Release|Any CPU
	EndGlobalSection
	GlobalSection(SolutionProperties) = preSolution
		HideSolutionNode = FALSE
	EndGlobalSection
	GlobalSection(ExtensibilityGlobals) = postSolution
		SolutionGuid = {39EBC9A1-CF80-4968-8D48-89703CC0E168}
	EndGlobalSection
EndGlobal
